
Microsoft Visual Studio Solution File, Format Version 12.00
# Visual Studio Version 17
VisualStudioVersion = 17.1.32210.238
MinimumVisualStudioVersion = 10.0.40219.1
Project("{FAE04EC0-301F-11D3-BF4B-00C04F79EFBC}") = "RabbitMq", "RabbitMq\RabbitMq.csproj", "{0D2D2DBD-C610-4565-8E94-371EBF186D01}"
EndProject
Project("{FAE04EC0-301F-11D3-BF4B-00C04F79EFBC}") = "RabbitmqProducer", "RabbitmqProducer\RabbitmqProducer.csproj", "{B924EC63-B96D-4B78-8B56-2094043A9987}"
EndProject
Global
	GlobalSection(SolutionConfigurationPlatforms) = preSolution
		Debug|Any CPU = Debug|Any CPU
		Release|Any CPU = Release|Any CPU
	EndGlobalSection
	GlobalSection(ProjectConfigurationPlatforms) = postSolution
		{0D2D2DBD-C610-4565-8E94-371EBF186D01}.Debug|Any CPU.ActiveCfg = Debug|Any CPU
		{0D2D2DBD-C610-4565-8E94-371EBF186D01}.Debug|Any CPU.Build.0 = Debug|Any CPU
		{0D2D2DBD-C610-4565-8E94-371EBF186D01}.Release|Any CPU.ActiveCfg = Release|Any CPU
		{0D2D2DBD-C610-4565-8E94-371EBF186D01}.Release|Any CPU.Build.0 = Release|Any CPU
		{B924EC63-B96D-4B78-8B56-2094043A9987}.Debug|Any CPU.ActiveCfg = Debug|Any CPU
		{B924EC63-B96D-4B78-8B56-2094043A9987}.Debug|Any CPU.Build.0 = Debug|Any CPU
		{B924EC63-B96D-4B78-8B56-2094043A9987}.Release|Any CPU.ActiveCfg = Release|Any CPU
		{B924EC63-B96D-4B78-8B56-2094043A9987}.Release|Any CPU.Build.0 = Release|Any CPU
	EndGlobalSection
	GlobalSection(SolutionProperties) = preSolution
		HideSolutionNode = FALSE
	EndGlobalSection
	GlobalSection(ExtensibilityGlobals) = postSolution
		SolutionGuid = {59E97D7B-6C41-42A1-8B51-D30CB01CCAFD}
	EndGlobalSection
EndGlobal
